// !$*UTF8*$!
{
	archiveVersion = 1;
	classes = {
	};
	objectVersion = 56;
	objects = {

/* Begin PBXBuildFile section */
		5624F6522B74E12300910342 /* AppDelegate.swift in Sources */ = {isa = PBXBuildFile; fileRef = 5624F6512B74E12300910342 /* AppDelegate.swift */; };
		5624F6542B74E12300910342 /* SceneDelegate.swift in Sources */ = {isa = PBXBuildFile; fileRef = 5624F6532B74E12300910342 /* SceneDelegate.swift */; };
		5624F6562B74E12300910342 /* ViewController.swift in Sources */ = {isa = PBXBuildFile; fileRef = 5624F6552B74E12300910342 /* ViewController.swift */; };
		5624F6592B74E12300910342 /* Main.storyboard in Resources */ = {isa = PBXBuildFile; fileRef = 5624F6572B74E12300910342 /* Main.storyboard */; };
		5624F65B2B74E12400910342 /* Assets.xcassets in Resources */ = {isa = PBXBuildFile; fileRef = 5624F65A2B74E12400910342 /* Assets.xcassets */; };
		5624F65E2B74E12400910342 /* LaunchScreen.storyboard in Resources */ = {isa = PBXBuildFile; fileRef = 5624F65C2B74E12400910342 /* LaunchScreen.storyboard */; };
		5624F6692B74E12400910342 /* DataParsingTests.swift in Sources */ = {isa = PBXBuildFile; fileRef = 5624F6682B74E12400910342 /* DataParsingTests.swift */; };
		5624F6732B74E12400910342 /* DataParsingUITests.swift in Sources */ = {isa = PBXBuildFile; fileRef = 5624F6722B74E12400910342 /* DataParsingUITests.swift */; };
		5624F6752B74E12400910342 /* DataParsingUITestsLaunchTests.swift in Sources */ = {isa = PBXBuildFile; fileRef = 5624F6742B74E12400910342 /* DataParsingUITestsLaunchTests.swift */; };
		5624F6822B74E3BF00910342 /* DetailVC.swift in Sources */ = {isa = PBXBuildFile; fileRef = 5624F6812B74E3BF00910342 /* DetailVC.swift */; };
		5668089A2EF00FC40031FA8E /* NotesDetailVC.swift in Sources */ = {isa = PBXBuildFile; fileRef = 566808992EF00FC40031FA8E /* NotesDetailVC.swift */; };
/* End PBXBuildFile section */

/* Begin PBXContainerItemProxy section */
		5624F6652B74E12400910342 /* PBXContainerItemProxy */ = {
			isa = PBXContainerItemProxy;
			containerPortal = 5624F6462B74E12300910342 /* Project object */;
			proxyType = 1;
			remoteGlobalIDString = 5624F64D2B74E12300910342;
			remoteInfo = DataParsing;
		};
		5624F66F2B74E12400910342 /* PBXContainerItemProxy */ = {
			isa = PBXContainerItemProxy;
			containerPortal = 5624F6462B74E12300910342 /* Project object */;
			proxyType = 1;
			remoteGlobalIDString = 5624F64D2B74E12300910342;
			remoteInfo = DataParsing;
		};
/* End PBXContainerItemProxy section */

/* Begin PBXFileReference section */
		5624F64E2B74E12300910342 /* DataParsing.app */ = {isa = PBXFileReference; explicitFileType = wrapper.application; includeInIndex = 0; path = DataParsing.app; sourceTree = BUILT_PRODUCTS_DIR; };
		5624F6512B74E12300910342 /* AppDelegate.swift */ = {isa = PBXFileReference; lastKnownFileType = sourcecode.swift; path = AppDelegate.swift; sourceTree = "<group>"; };
		5624F6532B74E12300910342 /* SceneDelegate.swift */ = {isa = PBXFileReference; lastKnownFileType = sourcecode.swift; path = SceneDelegate.swift; sourceTree = "<group>"; };
		5624F6552B74E12300910342 /* ViewController.swift */ = {isa = PBXFileReference; lastKnownFileType = sourcecode.swift; path = ViewController.swift; sourceTree = "<group>"; };
		5624F6582B74E12300910342 /* Base */ = {isa = PBXFileReference; lastKnownFileType = file.storyboard; name = Base; path = Base.lproj/Main.storyboard; sourceTree = "<group>"; };
		5624F65A2B74E12400910342 /* Assets.xcassets */ = {isa = PBXFileReference; lastKnownFileType = folder.assetcatalog; path = Assets.xcassets; sourceTree = "<group>"; };
		5624F65D2B74E12400910342 /* Base */ = {isa = PBXFileReference; lastKnownFileType = file.storyboard; name = Base; path = Base.lproj/LaunchScreen.storyboard; sourceTree = "<group>"; };
		5624F65F2B74E12400910342 /* Info.plist */ = {isa = PBXFileReference; lastKnownFileType = text.plist.xml; path = Info.plist; sourceTree = "<group>"; };
		5624F6642B74E12400910342 /* DataParsingTests.xctest */ = {isa = PBXFileReference; explicitFileType = wrapper.cfbundle; includeInIndex = 0; path = DataParsingTests.xctest; sourceTree = BUILT_PRODUCTS_DIR; };
		5624F6682B74E12400910342 /* DataParsingTests.swift */ = {isa = PBXFileReference; lastKnownFileType = sourcecode.swift; path = DataParsingTests.swift; sourceTree = "<group>"; };
		5624F66E2B74E12400910342 /* DataParsingUITests.xctest */ = {isa = PBXFileReference; explicitFileType = wrapper.cfbundle; includeInIndex = 0; path = DataParsingUITests.xctest; sourceTree = BUILT_PRODUCTS_DIR; };
		5624F6722B74E12400910342 /* DataParsingUITests.swift */ = {isa = PBXFileReference; lastKnownFileType = sourcecode.swift; path = DataParsingUITests.swift; sourceTree = "<group>"; };
		5624F6742B74E12400910342 /* DataParsingUITestsLaunchTests.swift */ = {isa = PBXFileReference; lastKnownFileType = sourcecode.swift; path = DataParsingUITestsLaunchTests.swift; sourceTree = "<group>"; };
		5624F6812B74E3BF00910342 /* DetailVC.swift */ = {isa = PBXFileReference; lastKnownFileType = sourcecode.swift; path = DetailVC.swift; sourceTree = "<group>"; };
		566808992EF00FC40031FA8E /* NotesDetailVC.swift */ = {isa = PBXFileReference; lastKnownFileType = sourcecode.swift; path = NotesDetailVC.swift; sourceTree = "<group>"; };
/* End PBXFileReference section */

/* Begin PBXFrameworksBuildPhase section */
		5624F64B2B74E12300910342 /* Frameworks */ = {
			isa = PBXFrameworksBuildPhase;
			buildActionMask = 2147483647;
			files = (
			);
			runOnlyForDeploymentPostprocessing = 0;
		};
		5624F6612B74E12400910342 /* Frameworks */ = {
			isa = PBXFrameworksBuildPhase;
			buildActionMask = 2147483647;
			files = (
			);
			runOnlyForDeploymentPostprocessing = 0;
		};
		5624F66B2B74E12400910342 /* Frameworks */ = {
			isa = PBXFrameworksBuildPhase;
			buildActionMask = 2147483647;
			files = (
			);
			runOnlyForDeploymentPostprocessing = 0;
		};
/* End PBXFrameworksBuildPhase section */

/* Begin PBXGroup section */
		5624F6452B74E12300910342 = {
			isa = PBXGroup;
			children = (
				5624F6502B74E12300910342 /* DataParsing */,
				5624F6672B74E12400910342 /* DataParsingTests */,
				5624F6712B74E12400910342 /* DataParsingUITests */,
				5624F64F2B74E12300910342 /* Products */,
			);
			sourceTree = "<group>";
		};
		5624F64F2B74E12300910342 /* Products */ = {
			isa = PBXGroup;
			children = (
				5624F64E2B74E12300910342 /* DataParsing.app */,
				5624F6642B74E12400910342 /* DataParsingTests.xctest */,
				5624F66E2B74E12400910342 /* DataParsingUITests.xctest */,
			);
			name = Products;
			sourceTree = "<group>";
		};
		5624F6502B74E12300910342 /* DataParsing */ = {
			isa = PBXGroup;
			children = (
				5624F6512B74E12300910342 /* AppDelegate.swift */,
				5624F6532B74E12300910342 /* SceneDelegate.swift */,
				5624F6552B74E12300910342 /* ViewController.swift */,
				5624F6572B74E12300910342 /* Main.storyboard */,
				5624F65A2B74E12400910342 /* Assets.xcassets */,
				5624F65C2B74E12400910342 /* LaunchScreen.storyboard */,
				5624F65F2B74E12400910342 /* Info.plist */,
				5624F6812B74E3BF00910342 /* DetailVC.swift */,
				566808992EF00FC40031FA8E /* NotesDetailVC.swift */,
			);
			path = DataParsing;
			sourceTree = "<group>";
		};
		5624F6672B74E12400910342 /* DataParsingTests */ = {
			isa = PBXGroup;
			children = (
				5624F6682B74E12400910342 /* DataParsingTests.swift */,
			);
			path = DataParsingTests;
			sourceTree = "<group>";
		};
		5624F6712B74E12400910342 /* DataParsingUITests */ = {
			isa = PBXGroup;
			children = (
				5624F6722B74E12400910342 /* DataParsingUITests.swift */,
				5624F6742B74E12400910342 /* DataParsingUITestsLaunchTests.swift */,
			);
			path = DataParsingUITests;
			sourceTree = "<group>";
		};
/* End PBXGroup section */

/* Begin PBXNativeTarget section */
		5624F64D2B74E12300910342 /* DataParsing */ = {
			isa = PBXNativeTarget;
			buildConfigurationList = 5624F6782B74E12400910342 /* Build configuration list for PBXNativeTarget "DataParsing" */;
			buildPhases = (
				5624F64A2B74E12300910342 /* Sources */,
				5624F64B2B74E12300910342 /* Frameworks */,
				5624F64C2B74E12300910342 /* Resources */,
			);
			buildRules = (
			);
			dependencies = (
			);
			name = DataParsing;
			productName = DataParsing;
			productReference = 5624F64E2B74E12300910342 /* DataParsing.app */;
			productType = "com.apple.product-type.application";
		};
		5624F6632B74E12400910342 /* DataParsingTests */ = {
			isa = PBXNativeTarget;
			buildConfigurationList = 5624F67B2B74E12400910342 /* Build configuration list for PBXNativeTarget "DataParsingTests" */;
			buildPhases = (
				5624F6602B74E12400910342 /* Sources */,
				5624F6612B74E12400910342 /* Frameworks */,
				5624F6622B74E12400910342 /* Resources */,
			);
			buildRules = (
			);
			dependencies = (
				5624F6662B74E12400910342 /* PBXTargetDependency */,
			);
			name = DataParsingTests;
			productName = DataParsingTests;
			productReference = 5624F6642B74E12400910342 /* DataParsingTests.xctest */;
			productType = "com.apple.product-type.bundle.unit-test";
		};
		5624F66D2B74E12400910342 /* DataParsingUITests */ = {
			isa = PBXNativeTarget;
			buildConfigurationList = 5624F67E2B74E12400910342 /* Build configuration list for PBXNativeTarget "DataParsingUITests" */;
			buildPhases = (
				5624F66A2B74E12400910342 /* Sources */,
				5624F66B2B74E12400910342 /* Frameworks */,
				5624F66C2B74E12400910342 /* Resources */,
			);
			buildRules = (
			);
			dependencies = (
				5624F6702B74E12400910342 /* PBXTargetDependency */,
			);
			name = DataParsingUITests;
			productName = DataParsingUITests;
			productReference = 5624F66E2B74E12400910342 /* DataParsingUITests.xctest */;
			productType = "com.apple.product-type.bundle.ui-testing";
		};
/* End PBXNativeTarget section */

/* Begin PBXProject section */
		5624F6462B74E12300910342 /* Project object */ = {
			isa = PBXProject;
			attributes = {
				BuildIndependentTargetsInParallel = 1;
				LastSwiftUpdateCheck = 1420;
				LastUpgradeCheck = 1420;
				TargetAttributes = {
					5624F64D2B74E12300910342 = {
						CreatedOnToolsVersion = 14.2;
					};
					5624F6632B74E12400910342 = {
						CreatedOnToolsVersion = 14.2;
						TestTargetID = 5624F64D2B74E12300910342;
					};
					5624F66D2B74E12400910342 = {
						CreatedOnToolsVersion = 14.2;
						TestTargetID = 5624F64D2B74E12300910342;
					};
				};
			};
			buildConfigurationList = 5624F6492B74E12300910342 /* Build configuration list for PBXProject "DataParsing" */;
			compatibilityVersion = "Xcode 14.0";
			developmentRegion = en;
			hasScannedForEncodings = 0;
			knownRegions = (
				en,
				Base,
			);
			mainGroup = 5624F6452B74E12300910342;
			productRefGroup = 5624F64F2B74E12300910342 /* Products */;
			projectDirPath = "";
			projectRoot = "";
			targets = (
				5624F64D2B74E12300910342 /* DataParsing */,
				5624F6632B74E12400910342 /* DataParsingTests */,
				5624F66D2B74E12400910342 /* DataParsingUITests */,
			);
		};
/* End PBXProject section */

/* Begin PBXResourcesBuildPhase section */
		5624F64C2B74E12300910342 /* Resources */ = {
			isa = PBXResourcesBuildPhase;
			buildActionMask = 2147483647;
			files = (
				5624F65E2B74E12400910342 /* LaunchScreen.storyboard in Resources */,
				5624F65B2B74E12400910342 /* Assets.xcassets in Resources */,
				5624F6592B74E12300910342 /* Main.storyboard in Resources */,
			);
			runOnlyForDeploymentPostprocessing = 0;
		};
		5624F6622B74E12400910342 /* Resources */ = {
			isa = PBXResourcesBuildPhase;
			buildActionMask = 2147483647;
			files = (
			);
			runOnlyForDeploymentPostprocessing = 0;
		};
		5624F66C2B74E12400910342 /* Resources */ = {
			isa = PBXResourcesBuildPhase;
			buildActionMask = 2147483647;
			files = (
			);
			runOnlyForDeploymentPostprocessing = 0;
		};
/* End PBXResourcesBuildPhase section */

/* Begin PBXSourcesBuildPhase section */
		5624F64A2B74E12300910342 /* Sources */ = {
			isa = PBXSourcesBuildPhase;
			buildActionMask = 2147483647;
			files = (
				5624F6562B74E12300910342 /* ViewController.swift in Sources */,
				5624F6822B74E3BF00910342 /* DetailVC.swift in Sources */,
				5668089A2EF00FC40031FA8E /* NotesDetailVC.swift in Sources */,
				5624F6522B74E12300910342 /* AppDelegate.swift in Sources */,
				5624F6542B74E12300910342 /* SceneDelegate.swift in Sources */,
			);
			runOnlyForDeploymentPostprocessing = 0;
		};
		5624F6602B74E12400910342 /* Sources */ = {
			isa = PBXSourcesBuildPhase;
			buildActionMask = 2147483647;
			files = (
				5624F6692B74E12400910342 /* DataParsingTests.swift in Sources */,
			);
			runOnlyForDeploymentPostprocessing = 0;
		};
		5624F66A2B74E12400910342 /* Sources */ = {
			isa = PBXSourcesBuildPhase;
			buildActionMask = 2147483647;
			files = (
				5624F6732B74E12400910342 /* DataParsingUITests.swift in Sources */,
				5624F6752B74E12400910342 /* DataParsingUITestsLaunchTests.swift in Sources */,
			);
			runOnlyForDeploymentPostprocessing = 0;
		};
/* End PBXSourcesBuildPhase section */

/* Begin PBXTargetDependency section */
		5624F6662B74E12400910342 /* PBXTargetDependency */ = {
			isa = PBXTargetDependency;
			target = 5624F64D2B74E12300910342 /* DataParsing */;
			targetProxy = 5624F6652B74E12400910342 /* PBXContainerItemProxy */;
		};
		5624F6702B74E12400910342 /* PBXTargetDependency */ = {
			isa = PBXTargetDependency;
			target = 5624F64D2B74E12300910342 /* DataParsing */;
			targetProxy = 5624F66F2B74E12400910342 /* PBXContainerItemProxy */;
		};
/* End PBXTargetDependency section */

/* Begin PBXVariantGroup section */
		5624F6572B74E12300910342 /* Main.storyboard */ = {
			isa = PBXVariantGroup;
			children = (
				5624F6582B74E12300910342 /* Base */,
			);
			name = Main.storyboard;
			sourceTree = "<group>";
		};
		5624F65C2B74E12400910342 /* LaunchScreen.storyboard */ = {
			isa = PBXVariantGroup;
			children = (
				5624F65D2B74E12400910342 /* Base */,
			);
			name = LaunchScreen.storyboard;
			sourceTree = "<group>";
		};
/* End PBXVariantGroup section */

/* Begin XCBuildConfiguration section */
		5624F6762B74E12400910342 /* Debug */ = {
			isa = XCBuildConfiguration;
			buildSettings = {
				ALWAYS_SEARCH_USER_PATHS = NO;
				CLANG_ANALYZER_NONNULL = YES;
				CLANG_ANALYZER_NUMBER_OBJECT_CONVERSION = YES_AGGRESSIVE;
				CLANG_CXX_LANGUAGE_STANDARD = "gnu++20";
				CLANG_ENABLE_MODULES = YES;
				CLANG_ENABLE_OBJC_ARC = YES;
				CLANG_ENABLE_OBJC_WEAK = YES;
				CLANG_WARN_BLOCK_CAPTURE_AUTORELEASING = YES;
				CLANG_WARN_BOOL_CONVERSION = YES;
				CLANG_WARN_COMMA = YES;
				CLANG_WARN_CONSTANT_CONVERSION = YES;
				CLANG_WARN_DEPRECATED_OBJC_IMPLEMENTATIONS = YES;
				CLANG_WARN_DIRECT_OBJC_ISA_USAGE = YES_ERROR;
				CLANG_WARN_DOCUMENTATION_COMMENTS = YES;
				CLANG_WARN_EMPTY_BODY = YES;
				CLANG_WARN_ENUM_CONVERSION = YES;
				CLANG_WARN_INFINITE_RECURSION = YES;
				CLANG_WARN_INT_CONVERSION = YES;
				CLANG_WARN_NON_LITERAL_NULL_CONVERSION = YES;
				CLANG_WARN_OBJC_IMPLICIT_RETAIN_SELF = YES;
				CLANG_WARN_OBJC_LITERAL_CONVERSION = YES;
				CLANG_WARN_OBJC_ROOT_CLASS = YES_ERROR;
				CLANG_WARN_QUOTED_INCLUDE_IN_FRAMEWORK_HEADER = YES;
				CLANG_WARN_RANGE_LOOP_ANALYSIS = YES;
				CLANG_WARN_STRICT_PROTOTYPES = YES;
				CLANG_WARN_SUSPICIOUS_MOVE = YES;
				CLANG_WARN_UNGUARDED_AVAILABILITY = YES_AGGRESSIVE;
				CLANG_WARN_UNREACHABLE_CODE = YES;
				CLANG_WARN__DUPLICATE_METHOD_MATCH = YES;
				COPY_PHASE_STRIP = NO;
				DEBUG_INFORMATION_FORMAT = dwarf;
				ENABLE_STRICT_OBJC_MSGSEND = YES;
				ENABLE_TESTABILITY = YES;
				GCC_C_LANGUAGE_STANDARD = gnu11;
				GCC_DYNAMIC_NO_PIC = NO;
				GCC_NO_COMMON_BLOCKS = YES;
				GCC_OPTIMIZATION_LEVEL = 0;
				GCC_PREPROCESSOR_DEFINITIONS = (
					"DEBUG=1",
					"$(inherited)",
				);
				GCC_WARN_64_TO_32_BIT_CONVERSION = YES;
				GCC_WARN_ABOUT_RETURN_TYPE = YES_ERROR;
				GCC_WARN_UNDECLARED_SELECTOR = YES;
				GCC_WARN_UNINITIALIZED_AUTOS = YES_AGGRESSIVE;
				GCC_WARN_UNUSED_FUNCTION = YES;
				GCC_WARN_UNUSED_VARIABLE = YES;
				IPHONEOS_DEPLOYMENT_TARGET = 16.2;
				MTL_ENABLE_DEBUG_INFO = INCLUDE_SOURCE;
				MTL_FAST_MATH = YES;
				ONLY_ACTIVE_ARCH = YES;
				SDKROOT = iphoneos;
				SWIFT_ACTIVE_COMPILATION_CONDITIONS = DEBUG;
				SWIFT_OPTIMIZATION_LEVEL = "-Onone";
			};
			name = Debug;
		};
		5624F6772B74E12400910342 /* Release */ = {
			isa = XCBuildConfiguration;
			buildSettings = {
				ALWAYS_SEARCH_USER_PATHS = NO;
				CLANG_ANALYZER_NONNULL = YES;
				CLANG_ANALYZER_NUMBER_OBJECT_CONVERSION = YES_AGGRESSIVE;
				CLANG_CXX_LANGUAGE_STANDARD = "gnu++20";
				CLANG_ENABLE_MODULES = YES;
				CLANG_ENABLE_OBJC_ARC = YES;
				CLANG_ENABLE_OBJC_WEAK = YES;
				CLANG_WARN_BLOCK_CAPTURE_AUTORELEASING = YES;
				CLANG_WARN_BOOL_CONVERSION = YES;
				CLANG_WARN_COMMA = YES;
				CLANG_WARN_CONSTANT_CONVERSION = YES;
				CLANG_WARN_DEPRECATED_OBJC_IMPLEMENTATIONS = YES;
				CLANG_WARN_DIRECT_OBJC_ISA_USAGE = YES_ERROR;
				CLANG_WARN_DOCUMENTATION_COMMENTS = YES;
				CLANG_WARN_EMPTY_BODY = YES;
				CLANG_WARN_ENUM_CONVERSION = YES;
				CLANG_WARN_INFINITE_RECURSION = YES;
				CLANG_WARN_INT_CONVERSION = YES;
				CLANG_WARN_NON_LITERAL_NULL_CONVERSION = YES;
				CLANG_WARN_OBJC_IMPLICIT_RETAIN_SELF = YES;
				CLANG_WARN_OBJC_LITERAL_CONVERSION = YES;
				CLANG_WARN_OBJC_ROOT_CLASS = YES_ERROR;
				CLANG_WARN_QUOTED_INCLUDE_IN_FRAMEWORK_HEADER = YES;
				CLANG_WARN_RANGE_LOOP_ANALYSIS = YES;
				CLANG_WARN_STRICT_PROTOTYPES = YES;
				CLANG_WARN_SUSPICIOUS_MOVE = YES;
				CLANG_WARN_UNGUARDED_AVAILABILITY = YES_AGGRESSIVE;
				CLANG_WARN_UNREACHABLE_CODE = YES;
				CLANG_WARN__DUPLICATE_METHOD_MATCH = YES;
				COPY_PHASE_STRIP = NO;
				DEBUG_INFORMATION_FORMAT = "dwarf-with-dsym";
				ENABLE_NS_ASSERTIONS = NO;
				ENABLE_STRICT_OBJC_MSGSEND = YES;
				GCC_C_LANGUAGE_STANDARD = gnu11;
				GCC_NO_COMMON_BLOCKS = YES;
				GCC_WARN_64_TO_32_BIT_CONVERSION = YES;
				GCC_WARN_ABOUT_RETURN_TYPE = YES_ERROR;
				GCC_WARN_UNDECLARED_SELECTOR = YES;
				GCC_WARN_UNINITIALIZED_AUTOS = YES_AGGRESSIVE;
				GCC_WARN_UNUSED_FUNCTION = YES;
				GCC_WARN_UNUSED_VARIABLE = YES;
				IPHONEOS_DEPLOYMENT_TARGET = 16.2;
				MTL_ENABLE_DEBUG_INFO = NO;
				MTL_FAST_MATH = YES;
				SDKROOT = iphoneos;
				SWIFT_COMPILATION_MODE = wholemodule;
				SWIFT_OPTIMIZATION_LEVEL = "-O";
				VALIDATE_PRODUCT = YES;
			};
			name = Release;
		};
		5624F6792B74E12400910342 /* Debug */ = {
			isa = XCBuildConfiguration;
			buildSettings = {
				ASSETCATALOG_COMPILER_APPICON_NAME = AppIcon;
				ASSETCATALOG_COMPILER_GLOBAL_ACCENT_COLOR_NAME = AccentColor;
				CODE_SIGN_STYLE = Automatic;
				CURRENT_PROJECT_VERSION = 1;
				GENERATE_INFOPLIST_FILE = YES;
				INFOPLIST_FILE = DataParsing/Info.plist;
				INFOPLIST_KEY_UIApplicationSupportsIndirectInputEvents = YES;
				INFOPLIST_KEY_UILaunchStoryboardName = LaunchScreen;
				INFOPLIST_KEY_UIMainStoryboardFile = Main;
				INFOPLIST_KEY_UISupportedInterfaceOrientations_iPad = "UIInterfaceOrientationPortrait UIInterfaceOrientationPortraitUpsideDown UIInterfaceOrientationLandscapeLeft UIInterfaceOrientationLandscapeRight";
				INFOPLIST_KEY_UISupportedInterfaceOrientations_iPhone = "UIInterfaceOrientationPortrait UIInterfaceOrientationLandscapeLeft UIInterfaceOrientationLandscapeRight";
				LD_RUNPATH_SEARCH_PATHS = (
					"$(inherited)",
					"@executable_path/Frameworks",
				);
				MARKETING_VERSION = 1.0;
				PRODUCT_BUNDLE_IDENTIFIER = com.passing.data.DataParsing;
				PRODUCT_NAME = "$(TARGET_NAME)";
				SWIFT_EMIT_LOC_STRINGS = YES;
				SWIFT_VERSION = 5.0;
				TARGETED_DEVICE_FAMILY = "1,2";
			};
			name = Debug;
		};
		5624F67A2B74E12400910342 /* Release */ = {
			isa = XCBuildConfiguration;
			buildSettings = {
				ASSETCATALOG_COMPILER_APPICON_NAME = AppIcon;
				ASSETCATALOG_COMPILER_GLOBAL_ACCENT_COLOR_NAME = AccentColor;
				CODE_SIGN_STYLE = Automatic;
				CURRENT_PROJECT_VERSION = 1;
				GENERATE_INFOPLIST_FILE = YES;
				INFOPLIST_FILE = DataParsing/Info.plist;
				INFOPLIST_KEY_UIApplicationSupportsIndirectInputEvents = YES;
				INFOPLIST_KEY_UILaunchStoryboardName = LaunchScreen;
				INFOPLIST_KEY_UIMainStoryboardFile = Main;
				INFOPLIST_KEY_UISupportedInterfaceOrientations_iPad = "UIInterfaceOrientationPortrait UIInterfaceOrientationPortraitUpsideDown UIInterfaceOrientationLandscapeLeft UIInterfaceOrientationLandscapeRight";
				INFOPLIST_KEY_UISupportedInterfaceOrientations_iPhone = "UIInterfaceOrientationPortrait UIInterfaceOrientationLandscapeLeft UIInterfaceOrientationLandscapeRight";
				LD_RUNPATH_SEARCH_PATHS = (
					"$(inherited)",
					"@executable_path/Frameworks",
				);
				MARKETING_VERSION = 1.0;
				PRODUCT_BUNDLE_IDENTIFIER = com.passing.data.DataParsing;
				PRODUCT_NAME = "$(TARGET_NAME)";
				SWIFT_EMIT_LOC_STRINGS = YES;
				SWIFT_VERSION = 5.0;
				TARGETED_DEVICE_FAMILY = "1,2";
			};
			name = Release;
		};
		5624F67C2B74E12400910342 /* Debug */ = {
			isa = XCBuildConfiguration;
			buildSettings = {
				ALWAYS_EMBED_SWIFT_STANDARD_LIBRARIES = YES;
				BUNDLE_LOADER = "$(TEST_HOST)";
				CODE_SIGN_STYLE = Automatic;
				CURRENT_PROJECT_VERSION = 1;
				GENERATE_INFOPLIST_FILE = YES;
				IPHONEOS_DEPLOYMENT_TARGET = 16.2;
				MARKETING_VERSION = 1.0;
				PRODUCT_BUNDLE_IDENTIFIER = com.passing.data.DataParsingTests;
				PRODUCT_NAME = "$(TARGET_NAME)";
				SWIFT_EMIT_LOC_STRINGS = NO;
				SWIFT_VERSION = 5.0;
				TARGETED_DEVICE_FAMILY = "1,2";
				TEST_HOST = "$(BUILT_PRODUCTS_DIR)/DataParsing.app/$(BUNDLE_EXECUTABLE_FOLDER_PATH)/DataParsing";
			};
			name = Debug;
		};
		5624F67D2B74E12400910342 /* Release */ = {
			isa = XCBuildConfiguration;
			buildSettings = {
				ALWAYS_EMBED_SWIFT_STANDARD_LIBRARIES = YES;
				BUNDLE_LOADER = "$(TEST_HOST)";
				CODE_SIGN_STYLE = Automatic;
				CURRENT_PROJECT_VERSION = 1;
				GENERATE_INFOPLIST_FILE = YES;
				IPHONEOS_DEPLOYMENT_TARGET = 16.2;
				MARKETING_VERSION = 1.0;
				PRODUCT_BUNDLE_IDENTIFIER = com.passing.data.DataParsingTests;
				PRODUCT_NAME = "$(TARGET_NAME)";
				SWIFT_EMIT_LOC_STRINGS = NO;
				SWIFT_VERSION = 5.0;
				TARGETED_DEVICE_FAMILY = "1,2";
				TEST_HOST = "$(BUILT_PRODUCTS_DIR)/DataParsing.app/$(BUNDLE_EXECUTABLE_FOLDER_PATH)/DataParsing";
			};
			name = Release;
		};
		5624F67F2B74E12400910342 /* Debug */ = {
			isa = XCBuildConfiguration;
			buildSettings = {
				ALWAYS_EMBED_SWIFT_STANDARD_LIBRARIES = YES;
				CODE_SIGN_STYLE = Automatic;
				CURRENT_PROJECT_VERSION = 1;
				GENERATE_INFOPLIST_FILE = YES;
				MARKETING_VERSION = 1.0;
				PRODUCT_BUNDLE_IDENTIFIER = com.passing.data.DataParsingUITests;
				PRODUCT_NAME = "$(TARGET_NAME)";
				SWIFT_EMIT_LOC_STRINGS = NO;
				SWIFT_VERSION = 5.0;
				TARGETED_DEVICE_FAMILY = "1,2";
				TEST_TARGET_NAME = DataParsing;
			};
			name = Debug;
		};
		5624F6802B74E12400910342 /* Release */ = {
			isa = XCBuildConfiguration;
			buildSettings = {
				ALWAYS_EMBED_SWIFT_STANDARD_LIBRARIES = YES;
				CODE_SIGN_STYLE = Automatic;
				CURRENT_PROJECT_VERSION = 1;
				GENERATE_INFOPLIST_FILE = YES;
				MARKETING_VERSION = 1.0;
				PRODUCT_BUNDLE_IDENTIFIER = com.passing.data.DataParsingUITests;
				PRODUCT_NAME = "$(TARGET_NAME)";
				SWIFT_EMIT_LOC_STRINGS = NO;
				SWIFT_VERSION = 5.0;
				TARGETED_DEVICE_FAMILY = "1,2";
				TEST_TARGET_NAME = DataParsing;
			};
			name = Release;
		};
/* End XCBuildConfiguration section */

/* Begin XCConfigurationList section */
		5624F6492B74E12300910342 /* Build configuration list for PBXProject "DataParsing" */ = {
			isa = XCConfigurationList;
			buildConfigurations = (
				5624F6762B74E12400910342 /* Debug */,
				5624F6772B74E12400910342 /* Release */,
			);
			defaultConfigurationIsVisible = 0;
			defaultConfigurationName = Release;
		};
		5624F6782B74E12400910342 /* Build configuration list for PBXNativeTarget "DataParsing" */ = {
			isa = XCConfigurationList;
			buildConfigurations = (
				5624F6792B74E12400910342 /* Debug */,
				5624F67A2B74E12400910342 /* Release */,
			);
			defaultConfigurationIsVisible = 0;
			defaultConfigurationName = Release;
		};
		5624F67B2B74E12400910342 /* Build configuration list for PBXNativeTarget "DataParsingTests" */ = {
			isa = XCConfigurationList;
			buildConfigurations = (
				5624F67C2B74E12400910342 /* Debug */,
				5624F67D2B74E12400910342 /* Release */,
			);
			defaultConfigurationIsVisible = 0;
			defaultConfigurationName = Release;
		};
		5624F67E2B74E12400910342 /* Build configuration list for PBXNativeTarget "DataParsingUITests" */ = {
			isa = XCConfigurationList;
			buildConfigurations = (
				5624F67F2B74E12400910342 /* Debug */,
				5624F6802B74E12400910342 /* Release */,
			);
			defaultConfigurationIsVisible = 0;
			defaultConfigurationName = Release;
		};
/* End XCConfigurationList section */
	};
	rootObject = 5624F6462B74E12300910342 /* Project object */;
}
